
Microsoft Visual Studio Solution File, Format Version 12.00
# Visual Studio Version 17
VisualStudioVersion = 17.0.32112.339
MinimumVisualStudioVersion = 10.0.40219.1
Project("{FAE04EC0-301F-11D3-BF4B-00C04F79EFBC}") = "lab1wpf", "lab1wpf\lab1wpf.csproj", "{1472FD98-5C5A-4967-A9D6-A642471FD1CA}"
EndProject
Global
	GlobalSection(SolutionConfigurationPlatforms) = preSolution
		Debug|Any CPU = Debug|Any CPU
		Release|Any CPU = Release|Any CPU
	EndGlobalSection
	GlobalSection(ProjectConfigurationPlatforms) = postSolution
		{1472FD98-5C5A-4967-A9D6-A642471FD1CA}.Debug|Any CPU.ActiveCfg = Debug|Any CPU
		{1472FD98-5C5A-4967-A9D6-A642471FD1CA}.Debug|Any CPU.Build.0 = Debug|Any CPU
		{1472FD98-5C5A-4967-A9D6-A642471FD1CA}.Release|Any CPU.ActiveCfg = Release|Any CPU
		{1472FD98-5C5A-4967-A9D6-A642471FD1CA}.Release|Any CPU.Build.0 = Release|Any CPU
	EndGlobalSection
	GlobalSection(SolutionProperties) = preSolution
		HideSolutionNode = FALSE
	EndGlobalSection
	GlobalSection(ExtensibilityGlobals) = postSolution
		SolutionGuid = {7A1C7C5D-E78C-444B-A6EC-C56D42F2B4E8}
	EndGlobalSection
EndGlobal
